
Microsoft Visual Studio Solution File, Format Version 12.00
# Visual Studio Version 17
VisualStudioVersion = 17.13.35828.75 d17.13
MinimumVisualStudioVersion = 10.0.40219.1
Project("{FAE04EC0-301F-11D3-BF4B-00C04F79EFBC}") = "Employee Attendance Tracker", "Employee Attendance Tracker.csproj", "{801797D8-0513-47E9-AD8F-19A1D3F876FA}"
EndProject
Global
	GlobalSection(SolutionConfigurationPlatforms) = preSolution
		Debug|Any CPU = Debug|Any CPU
		Release|Any CPU = Release|Any CPU
	EndGlobalSection
	GlobalSection(ProjectConfigurationPlatforms) = postSolution
		{801797D8-0513-47E9-AD8F-19A1D3F876FA}.Debug|Any CPU.ActiveCfg = Debug|Any CPU
		{801797D8-0513-47E9-AD8F-19A1D3F876FA}.Debug|Any CPU.Build.0 = Debug|Any CPU
		{801797D8-0513-47E9-AD8F-19A1D3F876FA}.Release|Any CPU.ActiveCfg = Release|Any CPU
		{801797D8-0513-47E9-AD8F-19A1D3F876FA}.Release|Any CPU.Build.0 = Release|Any CPU
	EndGlobalSection
	GlobalSection(SolutionProperties) = preSolution
		HideSolutionNode = FALSE
	EndGlobalSection
	GlobalSection(ExtensibilityGlobals) = postSolution
		SolutionGuid = {A05FF033-9690-4003-95BE-EC2F930FB26D}
	EndGlobalSection
EndGlobal
